
Microsoft Visual Studio Solution File, Format Version 12.00
# Visual Studio Version 17
VisualStudioVersion = 17.13.35931.197 d17.13
MinimumVisualStudioVersion = 10.0.40219.1
Project("{FAE04EC0-301F-11D3-BF4B-00C04F79EFBC}") = "PIA Finanzas", "PIA Finanzas\PIA Finanzas.csproj", "{47854EAB-BB13-44A8-80CF-C9C5DFD5C57F}"
EndProject
Global
	GlobalSection(SolutionConfigurationPlatforms) = preSolution
		Debug|Any CPU = Debug|Any CPU
		Release|Any CPU = Release|Any CPU
	EndGlobalSection
	GlobalSection(ProjectConfigurationPlatforms) = postSolution
		{47854EAB-BB13-44A8-80CF-C9C5DFD5C57F}.Debug|Any CPU.ActiveCfg = Debug|Any CPU
		{47854EAB-BB13-44A8-80CF-C9C5DFD5C57F}.Debug|Any CPU.Build.0 = Debug|Any CPU
		{47854EAB-BB13-44A8-80CF-C9C5DFD5C57F}.Release|Any CPU.ActiveCfg = Release|Any CPU
		{47854EAB-BB13-44A8-80CF-C9C5DFD5C57F}.Release|Any CPU.Build.0 = Release|Any CPU
	EndGlobalSection
	GlobalSection(SolutionProperties) = preSolution
		HideSolutionNode = FALSE
	EndGlobalSection
	GlobalSection(ExtensibilityGlobals) = postSolution
		SolutionGuid = {DE49DB7D-FEB8-4751-BB21-FF97E9C575E2}
	EndGlobalSection
EndGlobal
